
Microsoft Visual Studio Solution File, Format Version 12.00
# Visual Studio Version 17
VisualStudioVersion = 17.10.35201.131
MinimumVisualStudioVersion = 10.0.40219.1
Project("{9A19103F-16F7-4668-BE54-9A1E7A4F7556}") = "ConfigurationLibrary", "ConfigurationLibrary\ConfigurationLibrary.csproj", "{EE27FFB5-C2F1-4832-B89F-585642023AD8}"
EndProject
Project("{9A19103F-16F7-4668-BE54-9A1E7A4F7556}") = "FrameworkFacade", "FrameworkFacade\FrameworkFacade.csproj", "{BFE2E7A0-336A-4600-A79B-1A1F7D87FBEB}"
EndProject
Project("{9A19103F-16F7-4668-BE54-9A1E7A4F7556}") = "LoggerLibrary", "LoggerLibrary\LoggerLibrary.csproj", "{D6429FC3-6CA4-4608-9EDC-88B0E3F8ADAE}"
EndProject
Project("{9A19103F-16F7-4668-BE54-9A1E7A4F7556}") = "WebDriverLibrary", "WebDriverLibrary\WebDriverLibrary.csproj", "{A9C4946D-0CFA-4F65-BEBC-11CC081AD5C2}"
EndProject
Project("{FAE04EC0-301F-11D3-BF4B-00C04F79EFBC}") = "AppointmentPlannerTests", "AppointmentPlannerTests\AppointmentPlannerTests.csproj", "{0412B6DD-E007-4D5B-B3D5-88146992DCA0}"
EndProject
Global
	GlobalSection(SolutionConfigurationPlatforms) = preSolution
		Debug|Any CPU = Debug|Any CPU
		Release|Any CPU = Release|Any CPU
	EndGlobalSection
	GlobalSection(ProjectConfigurationPlatforms) = postSolution
		{EE27FFB5-C2F1-4832-B89F-585642023AD8}.Debug|Any CPU.ActiveCfg = Debug|Any CPU
		{EE27FFB5-C2F1-4832-B89F-585642023AD8}.Debug|Any CPU.Build.0 = Debug|Any CPU
		{EE27FFB5-C2F1-4832-B89F-585642023AD8}.Release|Any CPU.ActiveCfg = Release|Any CPU
		{EE27FFB5-C2F1-4832-B89F-585642023AD8}.Release|Any CPU.Build.0 = Release|Any CPU
		{BFE2E7A0-336A-4600-A79B-1A1F7D87FBEB}.Debug|Any CPU.ActiveCfg = Debug|Any CPU
		{BFE2E7A0-336A-4600-A79B-1A1F7D87FBEB}.Debug|Any CPU.Build.0 = Debug|Any CPU
		{BFE2E7A0-336A-4600-A79B-1A1F7D87FBEB}.Release|Any CPU.ActiveCfg = Release|Any CPU
		{BFE2E7A0-336A-4600-A79B-1A1F7D87FBEB}.Release|Any CPU.Build.0 = Release|Any CPU
		{D6429FC3-6CA4-4608-9EDC-88B0E3F8ADAE}.Debug|Any CPU.ActiveCfg = Debug|Any CPU
		{D6429FC3-6CA4-4608-9EDC-88B0E3F8ADAE}.Debug|Any CPU.Build.0 = Debug|Any CPU
		{D6429FC3-6CA4-4608-9EDC-88B0E3F8ADAE}.Release|Any CPU.ActiveCfg = Release|Any CPU
		{D6429FC3-6CA4-4608-9EDC-88B0E3F8ADAE}.Release|Any CPU.Build.0 = Release|Any CPU
		{A9C4946D-0CFA-4F65-BEBC-11CC081AD5C2}.Debug|Any CPU.ActiveCfg = Debug|Any CPU
		{A9C4946D-0CFA-4F65-BEBC-11CC081AD5C2}.Debug|Any CPU.Build.0 = Debug|Any CPU
		{A9C4946D-0CFA-4F65-BEBC-11CC081AD5C2}.Release|Any CPU.ActiveCfg = Release|Any CPU
		{A9C4946D-0CFA-4F65-BEBC-11CC081AD5C2}.Release|Any CPU.Build.0 = Release|Any CPU
		{0412B6DD-E007-4D5B-B3D5-88146992DCA0}.Debug|Any CPU.ActiveCfg = Debug|Any CPU
		{0412B6DD-E007-4D5B-B3D5-88146992DCA0}.Debug|Any CPU.Build.0 = Debug|Any CPU
		{0412B6DD-E007-4D5B-B3D5-88146992DCA0}.Release|Any CPU.ActiveCfg = Release|Any CPU
		{0412B6DD-E007-4D5B-B3D5-88146992DCA0}.Release|Any CPU.Build.0 = Release|Any CPU
	EndGlobalSection
	GlobalSection(SolutionProperties) = preSolution
		HideSolutionNode = FALSE
	EndGlobalSection
	GlobalSection(ExtensibilityGlobals) = postSolution
		SolutionGuid = {5D5C788D-1B80-468C-A4F3-5DB2EB981B4D}
	EndGlobalSection
EndGlobal
